
Microsoft Visual Studio Solution File, Format Version 12.00
# Visual Studio 2013
VisualStudioVersion = 12.0.40629.0
MinimumVisualStudioVersion = 10.0.40219.1
Project("{2150E333-8FDC-42A3-9474-1A3956D46DE8}") = "Framework", "Framework", "{50431F75-AFD0-4469-86EE-65A6E747F7B2}"
EndProject
Project("{2150E333-8FDC-42A3-9474-1A3956D46DE8}") = "Service", "Service", "{C4C4E8C7-D153-4386-B9BC-482D90711FE8}"
EndProject
Project("{2150E333-8FDC-42A3-9474-1A3956D46DE8}") = "Business", "Business", "{D8DFEA97-8D12-4A64-AA49-30E6C7DBF934}"
EndProject
Project("{2150E333-8FDC-42A3-9474-1A3956D46DE8}") = "DataModel", "DataModel", "{EE748F25-4C4E-40B7-B454-B9DA8336573E}"
EndProject
Project("{2150E333-8FDC-42A3-9474-1A3956D46DE8}") = "Shared", "Shared", "{BCF5A89F-DE2D-46E5-A139-75C40CA319B2}"
EndProject
Project("{2150E333-8FDC-42A3-9474-1A3956D46DE8}") = "TestDriven", "TestDriven", "{B6C30F60-D93D-41FC-AE9D-976DBDD7F39E}"
EndProject
Project("{2150E333-8FDC-42A3-9474-1A3956D46DE8}") = "Repository", "Repository", "{161C0649-3AF2-406A-B39C-BAD104209AB4}"
EndProject
Project("{FAE04EC0-301F-11D3-BF4B-00C04F79EFBC}") = "Business.Contract", "Business.Contract\Business.Contract.csproj", "{DE5BAFFE-5677-4F23-8ADB-1B01ECDD88FB}"
EndProject
Project("{FAE04EC0-301F-11D3-BF4B-00C04F79EFBC}") = "Business.DTO", "Business.DTO\Business.DTO.csproj", "{2CAAB35B-DA12-4589-9D7A-EE39305209DB}"
EndProject
Project("{FAE04EC0-301F-11D3-BF4B-00C04F79EFBC}") = "Business.Manager", "Business.Manager\Business.Manager.csproj", "{70D8980D-95D3-45BE-9CE3-CF2A1802E158}"
EndProject
Project("{FAE04EC0-301F-11D3-BF4B-00C04F79EFBC}") = "Business.Rule", "Business.Rule\Business.Rule.csproj", "{9EAEAF55-D8DD-4184-BAFE-A11BA363F153}"
EndProject
Project("{FAE04EC0-301F-11D3-BF4B-00C04F79EFBC}") = "Model", "Model\Model.csproj", "{735F13A2-1096-4D11-8717-AD8ACEF4B738}"
EndProject
Project("{FAE04EC0-301F-11D3-BF4B-00C04F79EFBC}") = "EFRepository", "EFRepository\EFRepository.csproj", "{680C51D3-961A-46CF-8F08-2F8A8C14E5EE}"
EndProject
Project("{FAE04EC0-301F-11D3-BF4B-00C04F79EFBC}") = "Service.DYS", "Service.DYS\Service.DYS.csproj", "{67921CEB-52B6-4BE6-ABA5-BE381DA142C2}"
EndProject
Project("{FAE04EC0-301F-11D3-BF4B-00C04F79EFBC}") = "Shared.Entites", "Shared.Entites\Shared.Entites.csproj", "{C47932E2-E74A-47A9-965C-21C640AFCC19}"
EndProject
Project("{FAE04EC0-301F-11D3-BF4B-00C04F79EFBC}") = "Shared.Exception", "Shared.Exception\Shared.Exception.csproj", "{6D0A487B-C0F3-45C2-9737-E6DAC59FEDC9}"
EndProject
Project("{FAE04EC0-301F-11D3-BF4B-00C04F79EFBC}") = "Shared.Utility", "Shared.Utility\Shared.Utility.csproj", "{9B7A4D17-1209-4015-9F6B-AB2C1D7FA41F}"
EndProject
Project("{2150E333-8FDC-42A3-9474-1A3956D46DE8}") = "ServiceHost", "ServiceHost", "{8698217F-D77A-4A21-9B17-3A05E10AAC40}"
EndProject
Project("{FAE04EC0-301F-11D3-BF4B-00C04F79EFBC}") = "Service.Host.Wcf", "Service.Host.Wcf\Service.Host.Wcf.csproj", "{BD13600C-941C-42A0-B3D9-A82CB669A9EE}"
EndProject
Project("{FAE04EC0-301F-11D3-BF4B-00C04F79EFBC}") = "Framework", "Framework\Framework.csproj", "{8CFB0EFB-3586-489C-B4F2-4B87F83238F5}"
EndProject
Project("{FAE04EC0-301F-11D3-BF4B-00C04F79EFBC}") = "TestDriven.UnitTests", "TestDriven.UnitTests\TestDriven.UnitTests.csproj", "{875BF465-3385-4F8F-AF3F-548DFC871FAF}"
EndProject
Project("{2150E333-8FDC-42A3-9474-1A3956D46DE8}") = "DYS.Product", "DYS.Product", "{7F86C77A-3786-44F4-A8E3-3BFE5F6DAC10}"
EndProject
Project("{FAE04EC0-301F-11D3-BF4B-00C04F79EFBC}") = "DYS.WEB.MVC", "DYS.WEB.MVC\DYS.WEB.MVC.csproj", "{205F600E-2D9B-47A9-B9EC-F4136845676D}"
EndProject
Project("{FAE04EC0-301F-11D3-BF4B-00C04F79EFBC}") = "DYS.Desktop.Win", "DYS.Desktop.Win\DYS.Desktop.Win.csproj", "{10C0EDCD-2B73-4563-9247-B9D02358607E}"
EndProject
Project("{FAE04EC0-301F-11D3-BF4B-00C04F79EFBC}") = "DYS.Desktop.Wpf", "DYS.Desktop.Wpf\DYS.Desktop.Wpf.csproj", "{117D3028-C965-4CC3-AC05-6C181697EBB0}"
EndProject
Global
	GlobalSection(SolutionConfigurationPlatforms) = preSolution
		Debug|Any CPU = Debug|Any CPU
		Release|Any CPU = Release|Any CPU
	EndGlobalSection
	GlobalSection(ProjectConfigurationPlatforms) = postSolution
		{DE5BAFFE-5677-4F23-8ADB-1B01ECDD88FB}.Debug|Any CPU.ActiveCfg = Debug|Any CPU
		{DE5BAFFE-5677-4F23-8ADB-1B01ECDD88FB}.Debug|Any CPU.Build.0 = Debug|Any CPU
		{DE5BAFFE-5677-4F23-8ADB-1B01ECDD88FB}.Release|Any CPU.ActiveCfg = Release|Any CPU
		{DE5BAFFE-5677-4F23-8ADB-1B01ECDD88FB}.Release|Any CPU.Build.0 = Release|Any CPU
		{2CAAB35B-DA12-4589-9D7A-EE39305209DB}.Debug|Any CPU.ActiveCfg = Debug|Any CPU
		{2CAAB35B-DA12-4589-9D7A-EE39305209DB}.Debug|Any CPU.Build.0 = Debug|Any CPU
		{2CAAB35B-DA12-4589-9D7A-EE39305209DB}.Release|Any CPU.ActiveCfg = Release|Any CPU
		{2CAAB35B-DA12-4589-9D7A-EE39305209DB}.Release|Any CPU.Build.0 = Release|Any CPU
		{70D8980D-95D3-45BE-9CE3-CF2A1802E158}.Debug|Any CPU.ActiveCfg = Debug|Any CPU
		{70D8980D-95D3-45BE-9CE3-CF2A1802E158}.Debug|Any CPU.Build.0 = Debug|Any CPU
		{70D8980D-95D3-45BE-9CE3-CF2A1802E158}.Release|Any CPU.ActiveCfg = Release|Any CPU
		{70D8980D-95D3-45BE-9CE3-CF2A1802E158}.Release|Any CPU.Build.0 = Release|Any CPU
		{9EAEAF55-D8DD-4184-BAFE-A11BA363F153}.Debug|Any CPU.ActiveCfg = Debug|Any CPU
		{9EAEAF55-D8DD-4184-BAFE-A11BA363F153}.Debug|Any CPU.Build.0 = Debug|Any CPU
		{9EAEAF55-D8DD-4184-BAFE-A11BA363F153}.Release|Any CPU.ActiveCfg = Release|Any CPU
		{9EAEAF55-D8DD-4184-BAFE-A11BA363F153}.Release|Any CPU.Build.0 = Release|Any CPU
		{735F13A2-1096-4D11-8717-AD8ACEF4B738}.Debug|Any CPU.ActiveCfg = Debug|Any CPU
		{735F13A2-1096-4D11-8717-AD8ACEF4B738}.Debug|Any CPU.Build.0 = Debug|Any CPU
		{735F13A2-1096-4D11-8717-AD8ACEF4B738}.Release|Any CPU.ActiveCfg = Release|Any CPU
		{735F13A2-1096-4D11-8717-AD8ACEF4B738}.Release|Any CPU.Build.0 = Release|Any CPU
		{680C51D3-961A-46CF-8F08-2F8A8C14E5EE}.Debug|Any CPU.ActiveCfg = Debug|Any CPU
		{680C51D3-961A-46CF-8F08-2F8A8C14E5EE}.Debug|Any CPU.Build.0 = Debug|Any CPU
		{680C51D3-961A-46CF-8F08-2F8A8C14E5EE}.Release|Any CPU.ActiveCfg = Release|Any CPU
		{680C51D3-961A-46CF-8F08-2F8A8C14E5EE}.Release|Any CPU.Build.0 = Release|Any CPU
		{67921CEB-52B6-4BE6-ABA5-BE381DA142C2}.Debug|Any CPU.ActiveCfg = Debug|Any CPU
		{67921CEB-52B6-4BE6-ABA5-BE381DA142C2}.Debug|Any CPU.Build.0 = Debug|Any CPU
		{67921CEB-52B6-4BE6-ABA5-BE381DA142C2}.Release|Any CPU.ActiveCfg = Release|Any CPU
		{67921CEB-52B6-4BE6-ABA5-BE381DA142C2}.Release|Any CPU.Build.0 = Release|Any CPU
		{C47932E2-E74A-47A9-965C-21C640AFCC19}.Debug|Any CPU.ActiveCfg = Debug|Any CPU
		{C47932E2-E74A-47A9-965C-21C640AFCC19}.Debug|Any CPU.Build.0 = Debug|Any CPU
		{C47932E2-E74A-47A9-965C-21C640AFCC19}.Release|Any CPU.ActiveCfg = Release|Any CPU
		{C47932E2-E74A-47A9-965C-21C640AFCC19}.Release|Any CPU.Build.0 = Release|Any CPU
		{6D0A487B-C0F3-45C2-9737-E6DAC59FEDC9}.Debug|Any CPU.ActiveCfg = Debug|Any CPU
		{6D0A487B-C0F3-45C2-9737-E6DAC59FEDC9}.Debug|Any CPU.Build.0 = Debug|Any CPU
		{6D0A487B-C0F3-45C2-9737-E6DAC59FEDC9}.Release|Any CPU.ActiveCfg = Release|Any CPU
		{6D0A487B-C0F3-45C2-9737-E6DAC59FEDC9}.Release|Any CPU.Build.0 = Release|Any CPU
		{9B7A4D17-1209-4015-9F6B-AB2C1D7FA41F}.Debug|Any CPU.ActiveCfg = Debug|Any CPU
		{9B7A4D17-1209-4015-9F6B-AB2C1D7FA41F}.Debug|Any CPU.Build.0 = Debug|Any CPU
		{9B7A4D17-1209-4015-9F6B-AB2C1D7FA41F}.Release|Any CPU.ActiveCfg = Release|Any CPU
		{9B7A4D17-1209-4015-9F6B-AB2C1D7FA41F}.Release|Any CPU.Build.0 = Release|Any CPU
		{BD13600C-941C-42A0-B3D9-A82CB669A9EE}.Debug|Any CPU.ActiveCfg = Debug|Any CPU
		{BD13600C-941C-42A0-B3D9-A82CB669A9EE}.Debug|Any CPU.Build.0 = Debug|Any CPU
		{BD13600C-941C-42A0-B3D9-A82CB669A9EE}.Release|Any CPU.ActiveCfg = Release|Any CPU
		{BD13600C-941C-42A0-B3D9-A82CB669A9EE}.Release|Any CPU.Build.0 = Release|Any CPU
		{8CFB0EFB-3586-489C-B4F2-4B87F83238F5}.Debug|Any CPU.ActiveCfg = Debug|Any CPU
		{8CFB0EFB-3586-489C-B4F2-4B87F83238F5}.Debug|Any CPU.Build.0 = Debug|Any CPU
		{8CFB0EFB-3586-489C-B4F2-4B87F83238F5}.Release|Any CPU.ActiveCfg = Release|Any CPU
		{8CFB0EFB-3586-489C-B4F2-4B87F83238F5}.Release|Any CPU.Build.0 = Release|Any CPU
		{875BF465-3385-4F8F-AF3F-548DFC871FAF}.Debug|Any CPU.ActiveCfg = Debug|Any CPU
		{875BF465-3385-4F8F-AF3F-548DFC871FAF}.Debug|Any CPU.Build.0 = Debug|Any CPU
		{875BF465-3385-4F8F-AF3F-548DFC871FAF}.Release|Any CPU.ActiveCfg = Release|Any CPU
		{875BF465-3385-4F8F-AF3F-548DFC871FAF}.Release|Any CPU.Build.0 = Release|Any CPU
		{205F600E-2D9B-47A9-B9EC-F4136845676D}.Debug|Any CPU.ActiveCfg = Debug|Any CPU
		{205F600E-2D9B-47A9-B9EC-F4136845676D}.Debug|Any CPU.Build.0 = Debug|Any CPU
		{205F600E-2D9B-47A9-B9EC-F4136845676D}.Release|Any CPU.ActiveCfg = Release|Any CPU
		{205F600E-2D9B-47A9-B9EC-F4136845676D}.Release|Any CPU.Build.0 = Release|Any CPU
		{10C0EDCD-2B73-4563-9247-B9D02358607E}.Debug|Any CPU.ActiveCfg = Debug|Any CPU
		{10C0EDCD-2B73-4563-9247-B9D02358607E}.Debug|Any CPU.Build.0 = Debug|Any CPU
		{10C0EDCD-2B73-4563-9247-B9D02358607E}.Release|Any CPU.ActiveCfg = Release|Any CPU
		{10C0EDCD-2B73-4563-9247-B9D02358607E}.Release|Any CPU.Build.0 = Release|Any CPU
		{117D3028-C965-4CC3-AC05-6C181697EBB0}.Debug|Any CPU.ActiveCfg = Debug|Any CPU
		{117D3028-C965-4CC3-AC05-6C181697EBB0}.Debug|Any CPU.Build.0 = Debug|Any CPU
		{117D3028-C965-4CC3-AC05-6C181697EBB0}.Release|Any CPU.ActiveCfg = Release|Any CPU
		{117D3028-C965-4CC3-AC05-6C181697EBB0}.Release|Any CPU.Build.0 = Release|Any CPU
	EndGlobalSection
	GlobalSection(SolutionProperties) = preSolution
		HideSolutionNode = FALSE
	EndGlobalSection
	GlobalSection(NestedProjects) = preSolution
		{DE5BAFFE-5677-4F23-8ADB-1B01ECDD88FB} = {D8DFEA97-8D12-4A64-AA49-30E6C7DBF934}
		{2CAAB35B-DA12-4589-9D7A-EE39305209DB} = {D8DFEA97-8D12-4A64-AA49-30E6C7DBF934}
		{70D8980D-95D3-45BE-9CE3-CF2A1802E158} = {D8DFEA97-8D12-4A64-AA49-30E6C7DBF934}
		{9EAEAF55-D8DD-4184-BAFE-A11BA363F153} = {D8DFEA97-8D12-4A64-AA49-30E6C7DBF934}
		{735F13A2-1096-4D11-8717-AD8ACEF4B738} = {EE748F25-4C4E-40B7-B454-B9DA8336573E}
		{680C51D3-961A-46CF-8F08-2F8A8C14E5EE} = {161C0649-3AF2-406A-B39C-BAD104209AB4}
		{67921CEB-52B6-4BE6-ABA5-BE381DA142C2} = {C4C4E8C7-D153-4386-B9BC-482D90711FE8}
		{C47932E2-E74A-47A9-965C-21C640AFCC19} = {BCF5A89F-DE2D-46E5-A139-75C40CA319B2}
		{6D0A487B-C0F3-45C2-9737-E6DAC59FEDC9} = {BCF5A89F-DE2D-46E5-A139-75C40CA319B2}
		{9B7A4D17-1209-4015-9F6B-AB2C1D7FA41F} = {BCF5A89F-DE2D-46E5-A139-75C40CA319B2}
		{BD13600C-941C-42A0-B3D9-A82CB669A9EE} = {8698217F-D77A-4A21-9B17-3A05E10AAC40}
		{8CFB0EFB-3586-489C-B4F2-4B87F83238F5} = {50431F75-AFD0-4469-86EE-65A6E747F7B2}
		{875BF465-3385-4F8F-AF3F-548DFC871FAF} = {B6C30F60-D93D-41FC-AE9D-976DBDD7F39E}
		{205F600E-2D9B-47A9-B9EC-F4136845676D} = {7F86C77A-3786-44F4-A8E3-3BFE5F6DAC10}
		{10C0EDCD-2B73-4563-9247-B9D02358607E} = {7F86C77A-3786-44F4-A8E3-3BFE5F6DAC10}
		{117D3028-C965-4CC3-AC05-6C181697EBB0} = {7F86C77A-3786-44F4-A8E3-3BFE5F6DAC10}
	EndGlobalSection
EndGlobal
